
Microsoft Visual Studio Solution File, Format Version 12.00
# Visual Studio 14
VisualStudioVersion = 14.0.25420.1
MinimumVisualStudioVersion = 10.0.40219.1
Project("{FAE04EC0-301F-11D3-BF4B-00C04F79EFBC}") = "HomeWork6_1", "HomeWork6_1\HomeWork6_1.csproj", "{EA0290B3-FE10-453A-9C61-8000B83ACCCB}"
EndProject
Global
	GlobalSection(SolutionConfigurationPlatforms) = preSolution
		Debug|Any CPU = Debug|Any CPU
		Release|Any CPU = Release|Any CPU
	EndGlobalSection
	GlobalSection(ProjectConfigurationPlatforms) = postSolution
		{EA0290B3-FE10-453A-9C61-8000B83ACCCB}.Debug|Any CPU.ActiveCfg = Debug|Any CPU
		{EA0290B3-FE10-453A-9C61-8000B83ACCCB}.Debug|Any CPU.Build.0 = Debug|Any CPU
		{EA0290B3-FE10-453A-9C61-8000B83ACCCB}.Release|Any CPU.ActiveCfg = Release|Any CPU
		{EA0290B3-FE10-453A-9C61-8000B83ACCCB}.Release|Any CPU.Build.0 = Release|Any CPU
	EndGlobalSection
	GlobalSection(SolutionProperties) = preSolution
		HideSolutionNode = FALSE
	EndGlobalSection
EndGlobal
